// !$*UTF8*$!
{
	archiveVersion = 1;
	classes = {
	};
	objectVersion = 50;
	objects = {

/* Begin PBXBuildFile section */
		2789DC0FA30DD646F1C94808 /* Pods_practical_skill_test_iosUITests.framework in Frameworks */ = {isa = PBXBuildFile; fileRef = 8DDC1D23B83A01C6DA284F26 /* Pods_practical_skill_test_iosUITests.framework */; };
		2F72CEE2D596911C69F570C4 /* Pods_practical_skill_test_ios.framework in Frameworks */ = {isa = PBXBuildFile; fileRef = 080B4789BE4DD4ABF8D36147 /* Pods_practical_skill_test_ios.framework */; };
		5508AAEC2282B6FF0097320E /* UIView+extension.swift in Sources */ = {isa = PBXBuildFile; fileRef = 5508AAEB2282B6FF0097320E /* UIView+extension.swift */; };
		5508AAEE2282B8E30097320E /* TaskDetailViewController.swift in Sources */ = {isa = PBXBuildFile; fileRef = 5508AAED2282B8E30097320E /* TaskDetailViewController.swift */; };
		5508AAF02282C8170097320E /* TaskManagible.swift in Sources */ = {isa = PBXBuildFile; fileRef = 5508AAEF2282C8170097320E /* TaskManagible.swift */; };
		5508AAF22282CE1B0097320E /* DetailModel.swift in Sources */ = {isa = PBXBuildFile; fileRef = 5508AAF12282CE1B0097320E /* DetailModel.swift */; };
		550CC1D32279D83E00D9C93B /* APIClientTest.swift in Sources */ = {isa = PBXBuildFile; fileRef = 550CC1D22279D83E00D9C93B /* APIClientTest.swift */; };
		556AAEE2227A7E700066CBCD /* HomeViewController.swift in Sources */ = {isa = PBXBuildFile; fileRef = 556AAEE1227A7E700066CBCD /* HomeViewController.swift */; };
		556AAEE8227AA4700066CBCD /* GoogleService-Info.plist in Resources */ = {isa = PBXBuildFile; fileRef = 556AAEE7227AA4700066CBCD /* GoogleService-Info.plist */; };
		556AAEE9227AA4700066CBCD /* GoogleService-Info.plist in Resources */ = {isa = PBXBuildFile; fileRef = 556AAEE7227AA4700066CBCD /* GoogleService-Info.plist */; };
		556AAEEA227AA4700066CBCD /* GoogleService-Info.plist in Resources */ = {isa = PBXBuildFile; fileRef = 556AAEE7227AA4700066CBCD /* GoogleService-Info.plist */; };
		556AAEEC227C0C6B0066CBCD /* JSONDecodeTest.swift in Sources */ = {isa = PBXBuildFile; fileRef = 556AAEEB227C0C6B0066CBCD /* JSONDecodeTest.swift */; };
		556AAEEE227C0D300066CBCD /* TaskInList.swift in Sources */ = {isa = PBXBuildFile; fileRef = 556AAEED227C0D300066CBCD /* TaskInList.swift */; };
		556AAEF0227C154D0066CBCD /* TaskId.swift in Sources */ = {isa = PBXBuildFile; fileRef = 556AAEEF227C154D0066CBCD /* TaskId.swift */; };
		556AAEF3227CFD7F0066CBCD /* Date+extension.swift in Sources */ = {isa = PBXBuildFile; fileRef = 556AAEF2227CFD7F0066CBCD /* Date+extension.swift */; };
		556AAEF5227D01520066CBCD /* ExtensionTest.swift in Sources */ = {isa = PBXBuildFile; fileRef = 556AAEF4227D01520066CBCD /* ExtensionTest.swift */; };
		556AAEF7227DCC1F0066CBCD /* HomeModel.swift in Sources */ = {isa = PBXBuildFile; fileRef = 556AAEF6227DCC1F0066CBCD /* HomeModel.swift */; };
		556AAEFB227DF79F0066CBCD /* TaskCell.swift in Sources */ = {isa = PBXBuildFile; fileRef = 556AAEF9227DF79F0066CBCD /* TaskCell.swift */; };
		556AAEFC227DF79F0066CBCD /* TaskCell.xib in Resources */ = {isa = PBXBuildFile; fileRef = 556AAEFA227DF79F0066CBCD /* TaskCell.xib */; };
		556AAF00227DFCD50066CBCD /* InstantiatableFromNib.swift in Sources */ = {isa = PBXBuildFile; fileRef = 556AAEFF227DFCD50066CBCD /* InstantiatableFromNib.swift */; };
		5573B66D2280873D0082523D /* UpdatedTask.swift in Sources */ = {isa = PBXBuildFile; fileRef = 5573B66C2280873D0082523D /* UpdatedTask.swift */; };
		5573B66F228241F70082523D /* DeleteTask.swift in Sources */ = {isa = PBXBuildFile; fileRef = 5573B66E228241F70082523D /* DeleteTask.swift */; };
		55B9AB442278EB0900C38266 /* AppDelegate.swift in Sources */ = {isa = PBXBuildFile; fileRef = 55B9AB432278EB0900C38266 /* AppDelegate.swift */; };
		55B9AB462278EB0900C38266 /* RegisterViewController.swift in Sources */ = {isa = PBXBuildFile; fileRef = 55B9AB452278EB0900C38266 /* RegisterViewController.swift */; };
		55B9AB492278EB0900C38266 /* Main.storyboard in Resources */ = {isa = PBXBuildFile; fileRef = 55B9AB472278EB0900C38266 /* Main.storyboard */; };
		55B9AB4B2278EB0A00C38266 /* Assets.xcassets in Resources */ = {isa = PBXBuildFile; fileRef = 55B9AB4A2278EB0A00C38266 /* Assets.xcassets */; };
		55B9AB4E2278EB0A00C38266 /* LaunchScreen.storyboard in Resources */ = {isa = PBXBuildFile; fileRef = 55B9AB4C2278EB0A00C38266 /* LaunchScreen.storyboard */; };
		55B9AB592278EB0A00C38266 /* practical_skill_test_iosTests.swift in Sources */ = {isa = PBXBuildFile; fileRef = 55B9AB582278EB0A00C38266 /* practical_skill_test_iosTests.swift */; };
		55B9AB642278EB0A00C38266 /* practical_skill_test_iosUITests.swift in Sources */ = {isa = PBXBuildFile; fileRef = 55B9AB632278EB0A00C38266 /* practical_skill_test_iosUITests.swift */; };
		55B9AB742278ECA400C38266 /* AuthClient.swift in Sources */ = {isa = PBXBuildFile; fileRef = 55B9AB732278ECA400C38266 /* AuthClient.swift */; };
		55B9AB762278ECC200C38266 /* AuthDelegate.swift in Sources */ = {isa = PBXBuildFile; fileRef = 55B9AB752278ECC200C38266 /* AuthDelegate.swift */; };
		55B9AB792279C6B300C38266 /* APIClient.swift in Sources */ = {isa = PBXBuildFile; fileRef = 55B9AB782279C6B300C38266 /* APIClient.swift */; };
		55B9AB8D2279D10C00C38266 /* GTMSessionFetcher.framework in Frameworks */ = {isa = PBXBuildFile; fileRef = 55B9AB8C2279D10C00C38266 /* GTMSessionFetcher.framework */; };
		55C1E5EE227F923E000A61EE /* ResponseList.swift in Sources */ = {isa = PBXBuildFile; fileRef = 55C1E5ED227F923E000A61EE /* ResponseList.swift */; };
		55C1E5F0227F92CA000A61EE /* FirebaseDBClient.swift in Sources */ = {isa = PBXBuildFile; fileRef = 55C1E5EF227F92CA000A61EE /* FirebaseDBClient.swift */; };
		55C1E5F7227FE388000A61EE /* FormCell.swift in Sources */ = {isa = PBXBuildFile; fileRef = 55C1E5F5227FE388000A61EE /* FormCell.swift */; };
		55C1E5F8227FE388000A61EE /* FormCell.xib in Resources */ = {isa = PBXBuildFile; fileRef = 55C1E5F6227FE388000A61EE /* FormCell.xib */; };
		F356209D5231E5FEFF3E4D76 /* Pods_practical_skill_test_iosTests.framework in Frameworks */ = {isa = PBXBuildFile; fileRef = 6CA1ED5CC8BEB1A65CF63ACE /* Pods_practical_skill_test_iosTests.framework */; };
/* End PBXBuildFile section */

/* Begin PBXContainerItemProxy section */
		55B9AB552278EB0A00C38266 /* PBXContainerItemProxy */ = {
			isa = PBXContainerItemProxy;
			containerPortal = 55B9AB382278EB0900C38266 /* Project object */;
			proxyType = 1;
			remoteGlobalIDString = 55B9AB3F2278EB0900C38266;
			remoteInfo = "practical-skill-test-ios";
		};
		55B9AB602278EB0A00C38266 /* PBXContainerItemProxy */ = {
			isa = PBXContainerItemProxy;
			containerPortal = 55B9AB382278EB0900C38266 /* Project object */;
			proxyType = 1;
			remoteGlobalIDString = 55B9AB3F2278EB0900C38266;
			remoteInfo = "practical-skill-test-ios";
		};
/* End PBXContainerItemProxy section */

/* Begin PBXFileReference section */
		080B4789BE4DD4ABF8D36147 /* Pods_practical_skill_test_ios.framework */ = {isa = PBXFileReference; explicitFileType = wrapper.framework; includeInIndex = 0; path = Pods_practical_skill_test_ios.framework; sourceTree = BUILT_PRODUCTS_DIR; };
		5508AAEB2282B6FF0097320E /* UIView+extension.swift */ = {isa = PBXFileReference; lastKnownFileType = sourcecode.swift; path = "UIView+extension.swift"; sourceTree = "<group>"; };
		5508AAED2282B8E30097320E /* TaskDetailViewController.swift */ = {isa = PBXFileReference; lastKnownFileType = sourcecode.swift; path = TaskDetailViewController.swift; sourceTree = "<group>"; };
		5508AAEF2282C8170097320E /* TaskManagible.swift */ = {isa = PBXFileReference; lastKnownFileType = sourcecode.swift; path = TaskManagible.swift; sourceTree = "<group>"; };
		5508AAF12282CE1B0097320E /* DetailModel.swift */ = {isa = PBXFileReference; lastKnownFileType = sourcecode.swift; path = DetailModel.swift; sourceTree = "<group>"; };
		550CC1D22279D83E00D9C93B /* APIClientTest.swift */ = {isa = PBXFileReference; lastKnownFileType = sourcecode.swift; path = APIClientTest.swift; sourceTree = "<group>"; };
		556AAEE1227A7E700066CBCD /* HomeViewController.swift */ = {isa = PBXFileReference; lastKnownFileType = sourcecode.swift; path = HomeViewController.swift; sourceTree = "<group>"; };
		556AAEE7227AA4700066CBCD /* GoogleService-Info.plist */ = {isa = PBXFileReference; fileEncoding = 4; lastKnownFileType = text.plist.xml; path = "GoogleService-Info.plist"; sourceTree = "<group>"; };
		556AAEEB227C0C6B0066CBCD /* JSONDecodeTest.swift */ = {isa = PBXFileReference; lastKnownFileType = sourcecode.swift; path = JSONDecodeTest.swift; sourceTree = "<group>"; };
		556AAEED227C0D300066CBCD /* TaskInList.swift */ = {isa = PBXFileReference; lastKnownFileType = sourcecode.swift; path = TaskInList.swift; sourceTree = "<group>"; };
		556AAEEF227C154D0066CBCD /* TaskId.swift */ = {isa = PBXFileReference; lastKnownFileType = sourcecode.swift; path = TaskId.swift; sourceTree = "<group>"; };
		556AAEF2227CFD7F0066CBCD /* Date+extension.swift */ = {isa = PBXFileReference; lastKnownFileType = sourcecode.swift; path = "Date+extension.swift"; sourceTree = "<group>"; };
		556AAEF4227D01520066CBCD /* ExtensionTest.swift */ = {isa = PBXFileReference; lastKnownFileType = sourcecode.swift; path = ExtensionTest.swift; sourceTree = "<group>"; };
		556AAEF6227DCC1F0066CBCD /* HomeModel.swift */ = {isa = PBXFileReference; lastKnownFileType = sourcecode.swift; path = HomeModel.swift; sourceTree = "<group>"; };
		556AAEF9227DF79F0066CBCD /* TaskCell.swift */ = {isa = PBXFileReference; lastKnownFileType = sourcecode.swift; path = TaskCell.swift; sourceTree = "<group>"; };
		556AAEFA227DF79F0066CBCD /* TaskCell.xib */ = {isa = PBXFileReference; lastKnownFileType = file.xib; path = TaskCell.xib; sourceTree = "<group>"; };
		556AAEFF227DFCD50066CBCD /* InstantiatableFromNib.swift */ = {isa = PBXFileReference; lastKnownFileType = sourcecode.swift; path = InstantiatableFromNib.swift; sourceTree = "<group>"; };
		5573B66C2280873D0082523D /* UpdatedTask.swift */ = {isa = PBXFileReference; lastKnownFileType = sourcecode.swift; path = UpdatedTask.swift; sourceTree = "<group>"; };
		5573B66E228241F70082523D /* DeleteTask.swift */ = {isa = PBXFileReference; lastKnownFileType = sourcecode.swift; path = DeleteTask.swift; sourceTree = "<group>"; };
		55B9AB402278EB0900C38266 /* practical-skill-test-ios.app */ = {isa = PBXFileReference; explicitFileType = wrapper.application; includeInIndex = 0; path = "practical-skill-test-ios.app"; sourceTree = BUILT_PRODUCTS_DIR; };
		55B9AB432278EB0900C38266 /* AppDelegate.swift */ = {isa = PBXFileReference; lastKnownFileType = sourcecode.swift; path = AppDelegate.swift; sourceTree = "<group>"; };
		55B9AB452278EB0900C38266 /* RegisterViewController.swift */ = {isa = PBXFileReference; lastKnownFileType = sourcecode.swift; path = RegisterViewController.swift; sourceTree = "<group>"; };
		55B9AB482278EB0900C38266 /* Base */ = {isa = PBXFileReference; lastKnownFileType = file.storyboard; name = Base; path = Base.lproj/Main.storyboard; sourceTree = "<group>"; };
		55B9AB4A2278EB0A00C38266 /* Assets.xcassets */ = {isa = PBXFileReference; lastKnownFileType = folder.assetcatalog; path = Assets.xcassets; sourceTree = "<group>"; };
		55B9AB4D2278EB0A00C38266 /* Base */ = {isa = PBXFileReference; lastKnownFileType = file.storyboard; name = Base; path = Base.lproj/LaunchScreen.storyboard; sourceTree = "<group>"; };
		55B9AB4F2278EB0A00C38266 /* Info.plist */ = {isa = PBXFileReference; lastKnownFileType = text.plist.xml; path = Info.plist; sourceTree = "<group>"; };
		55B9AB542278EB0A00C38266 /* practical-skill-test-iosTests.xctest */ = {isa = PBXFileReference; explicitFileType = wrapper.cfbundle; includeInIndex = 0; path = "practical-skill-test-iosTests.xctest"; sourceTree = BUILT_PRODUCTS_DIR; };
		55B9AB582278EB0A00C38266 /* practical_skill_test_iosTests.swift */ = {isa = PBXFileReference; lastKnownFileType = sourcecode.swift; path = practical_skill_test_iosTests.swift; sourceTree = "<group>"; };
		55B9AB5A2278EB0A00C38266 /* Info.plist */ = {isa = PBXFileReference; lastKnownFileType = text.plist.xml; path = Info.plist; sourceTree = "<group>"; };
		55B9AB5F2278EB0A00C38266 /* practical-skill-test-iosUITests.xctest */ = {isa = PBXFileReference; explicitFileType = wrapper.cfbundle; includeInIndex = 0; path = "practical-skill-test-iosUITests.xctest"; sourceTree = BUILT_PRODUCTS_DIR; };
		55B9AB632278EB0A00C38266 /* practical_skill_test_iosUITests.swift */ = {isa = PBXFileReference; lastKnownFileType = sourcecode.swift; path = practical_skill_test_iosUITests.swift; sourceTree = "<group>"; };
		55B9AB652278EB0A00C38266 /* Info.plist */ = {isa = PBXFileReference; lastKnownFileType = text.plist.xml; path = Info.plist; sourceTree = "<group>"; };
		55B9AB732278ECA400C38266 /* AuthClient.swift */ = {isa = PBXFileReference; lastKnownFileType = sourcecode.swift; path = AuthClient.swift; sourceTree = "<group>"; };
		55B9AB752278ECC200C38266 /* AuthDelegate.swift */ = {isa = PBXFileReference; lastKnownFileType = sourcecode.swift; path = AuthDelegate.swift; sourceTree = "<group>"; };
		55B9AB782279C6B300C38266 /* APIClient.swift */ = {isa = PBXFileReference; lastKnownFileType = sourcecode.swift; path = APIClient.swift; sourceTree = "<group>"; };
		55B9AB802279CFF000C38266 /* FirebaseAuth.framework */ = {isa = PBXFileReference; explicitFileType = wrapper.framework; path = FirebaseAuth.framework; sourceTree = BUILT_PRODUCTS_DIR; };
		55B9AB822279CFF000C38266 /* FirebaseCore.framework */ = {isa = PBXFileReference; explicitFileType = wrapper.framework; path = FirebaseCore.framework; sourceTree = BUILT_PRODUCTS_DIR; };
		55B9AB842279CFF000C38266 /* FirebaseInstanceID.framework */ = {isa = PBXFileReference; explicitFileType = wrapper.framework; path = FirebaseInstanceID.framework; sourceTree = BUILT_PRODUCTS_DIR; };
		55B9AB862279CFF000C38266 /* GoogleUtilities.framework */ = {isa = PBXFileReference; explicitFileType = wrapper.framework; path = GoogleUtilities.framework; sourceTree = BUILT_PRODUCTS_DIR; };
		55B9AB882279CFF000C38266 /* GTMSessionFetcher.framework */ = {isa = PBXFileReference; explicitFileType = wrapper.framework; path = GTMSessionFetcher.framework; sourceTree = BUILT_PRODUCTS_DIR; };
		55B9AB8A2279CFF000C38266 /* nanopb.framework */ = {isa = PBXFileReference; explicitFileType = wrapper.framework; path = nanopb.framework; sourceTree = BUILT_PRODUCTS_DIR; };
		55B9AB8C2279D10C00C38266 /* GTMSessionFetcher.framework */ = {isa = PBXFileReference; explicitFileType = wrapper.framework; path = GTMSessionFetcher.framework; sourceTree = BUILT_PRODUCTS_DIR; };
		55C1E5ED227F923E000A61EE /* ResponseList.swift */ = {isa = PBXFileReference; lastKnownFileType = sourcecode.swift; path = ResponseList.swift; sourceTree = "<group>"; };
		55C1E5EF227F92CA000A61EE /* FirebaseDBClient.swift */ = {isa = PBXFileReference; lastKnownFileType = sourcecode.swift; path = FirebaseDBClient.swift; sourceTree = "<group>"; };
		55C1E5F5227FE388000A61EE /* FormCell.swift */ = {isa = PBXFileReference; lastKnownFileType = sourcecode.swift; path = FormCell.swift; sourceTree = "<group>"; };
		55C1E5F6227FE388000A61EE /* FormCell.xib */ = {isa = PBXFileReference; lastKnownFileType = file.xib; path = FormCell.xib; sourceTree = "<group>"; };
		64317DD3D9409D13C24FF3BC /* Pods-practical-skill-test-iosUITests.release.xcconfig */ = {isa = PBXFileReference; includeInIndex = 1; lastKnownFileType = text.xcconfig; name = "Pods-practical-skill-test-iosUITests.release.xcconfig"; path = "Target Support Files/Pods-practical-skill-test-iosUITests/Pods-practical-skill-test-iosUITests.release.xcconfig"; sourceTree = "<group>"; };
		6CA1ED5CC8BEB1A65CF63ACE /* Pods_practical_skill_test_iosTests.framework */ = {isa = PBXFileReference; explicitFileType = wrapper.framework; includeInIndex = 0; path = Pods_practical_skill_test_iosTests.framework; sourceTree = BUILT_PRODUCTS_DIR; };
		70DB2C69CA7901B25F106992 /* Pods-practical-skill-test-iosTests.debug.xcconfig */ = {isa = PBXFileReference; includeInIndex = 1; lastKnownFileType = text.xcconfig; name = "Pods-practical-skill-test-iosTests.debug.xcconfig"; path = "Target Support Files/Pods-practical-skill-test-iosTests/Pods-practical-skill-test-iosTests.debug.xcconfig"; sourceTree = "<group>"; };
		8DDC1D23B83A01C6DA284F26 /* Pods_practical_skill_test_iosUITests.framework */ = {isa = PBXFileReference; explicitFileType = wrapper.framework; includeInIndex = 0; path = Pods_practical_skill_test_iosUITests.framework; sourceTree = BUILT_PRODUCTS_DIR; };
		967DD5A67B5469CC706A2D08 /* Pods-practical-skill-test-ios.debug.xcconfig */ = {isa = PBXFileReference; includeInIndex = 1; lastKnownFileType = text.xcconfig; name = "Pods-practical-skill-test-ios.debug.xcconfig"; path = "Target Support Files/Pods-practical-skill-test-ios/Pods-practical-skill-test-ios.debug.xcconfig"; sourceTree = "<group>"; };
		F1BC5CE3C17E4AB658F417B9 /* Pods-practical-skill-test-iosUITests.debug.xcconfig */ = {isa = PBXFileReference; includeInIndex = 1; lastKnownFileType = text.xcconfig; name = "Pods-practical-skill-test-iosUITests.debug.xcconfig"; path = "Target Support Files/Pods-practical-skill-test-iosUITests/Pods-practical-skill-test-iosUITests.debug.xcconfig"; sourceTree = "<group>"; };
		F344832EDF43EE8FE86499BE /* Pods-practical-skill-test-ios.release.xcconfig */ = {isa = PBXFileReference; includeInIndex = 1; lastKnownFileType = text.xcconfig; name = "Pods-practical-skill-test-ios.release.xcconfig"; path = "Target Support Files/Pods-practical-skill-test-ios/Pods-practical-skill-test-ios.release.xcconfig"; sourceTree = "<group>"; };
		F96304FEE2F7A5089E0B8146 /* Pods-practical-skill-test-iosTests.release.xcconfig */ = {isa = PBXFileReference; includeInIndex = 1; lastKnownFileType = text.xcconfig; name = "Pods-practical-skill-test-iosTests.release.xcconfig"; path = "Target Support Files/Pods-practical-skill-test-iosTests/Pods-practical-skill-test-iosTests.release.xcconfig"; sourceTree = "<group>"; };
/* End PBXFileReference section */

/* Begin PBXFrameworksBuildPhase section */
		55B9AB3D2278EB0900C38266 /* Frameworks */ = {
			isa = PBXFrameworksBuildPhase;
			buildActionMask = 2147483647;
			files = (
				2F72CEE2D596911C69F570C4 /* Pods_practical_skill_test_ios.framework in Frameworks */,
			);
			runOnlyForDeploymentPostprocessing = 0;
		};
		55B9AB512278EB0A00C38266 /* Frameworks */ = {
			isa = PBXFrameworksBuildPhase;
			buildActionMask = 2147483647;
			files = (
				F356209D5231E5FEFF3E4D76 /* Pods_practical_skill_test_iosTests.framework in Frameworks */,
			);
			runOnlyForDeploymentPostprocessing = 0;
		};
		55B9AB5C2278EB0A00C38266 /* Frameworks */ = {
			isa = PBXFrameworksBuildPhase;
			buildActionMask = 2147483647;
			files = (
				55B9AB8D2279D10C00C38266 /* GTMSessionFetcher.framework in Frameworks */,
				2789DC0FA30DD646F1C94808 /* Pods_practical_skill_test_iosUITests.framework in Frameworks */,
			);
			runOnlyForDeploymentPostprocessing = 0;
		};
/* End PBXFrameworksBuildPhase section */

/* Begin PBXGroup section */
		556AAEDD227A75060066CBCD /* FirebaseRealtimeDatabase */ = {
			isa = PBXGroup;
			children = (
				55C1E5EF227F92CA000A61EE /* FirebaseDBClient.swift */,
				556AAEED227C0D300066CBCD /* TaskInList.swift */,
				556AAEEF227C154D0066CBCD /* TaskId.swift */,
				55C1E5ED227F923E000A61EE /* ResponseList.swift */,
				5573B66C2280873D0082523D /* UpdatedTask.swift */,
				5573B66E228241F70082523D /* DeleteTask.swift */,
			);
			path = FirebaseRealtimeDatabase;
			sourceTree = "<group>";
		};
		556AAEDE227A7AFC0066CBCD /* Controllers */ = {
			isa = PBXGroup;
			children = (
				55B9AB452278EB0900C38266 /* RegisterViewController.swift */,
				556AAEE1227A7E700066CBCD /* HomeViewController.swift */,
				5508AAED2282B8E30097320E /* TaskDetailViewController.swift */,
			);
			path = Controllers;
			sourceTree = "<group>";
		};
		556AAEDF227A7B090066CBCD /* Models */ = {
			isa = PBXGroup;
			children = (
				556AAEF6227DCC1F0066CBCD /* HomeModel.swift */,
				5508AAEF2282C8170097320E /* TaskManagible.swift */,
				5508AAF12282CE1B0097320E /* DetailModel.swift */,
			);
			path = Models;
			sourceTree = "<group>";
		};
		556AAEE0227A7B470066CBCD /* Views */ = {
			isa = PBXGroup;
			children = (
				556AAEF8227DF7230066CBCD /* Homes */,
				55B9AB472278EB0900C38266 /* Main.storyboard */,
				55B9AB4C2278EB0A00C38266 /* LaunchScreen.storyboard */,
			);
			path = Views;
			sourceTree = "<group>";
		};
		556AAEF1227CFD690066CBCD /* Utilities */ = {
			isa = PBXGroup;
			children = (
				556AAEFE227DFCBA0066CBCD /* Protocols */,
				556AAEFD227DFCB20066CBCD /* Extensions */,
			);
			path = Utilities;
			sourceTree = "<group>";
		};
		556AAEF8227DF7230066CBCD /* Homes */ = {
			isa = PBXGroup;
			children = (
				556AAEF9227DF79F0066CBCD /* TaskCell.swift */,
				556AAEFA227DF79F0066CBCD /* TaskCell.xib */,
				55C1E5F5227FE388000A61EE /* FormCell.swift */,
				55C1E5F6227FE388000A61EE /* FormCell.xib */,
			);
			path = Homes;
			sourceTree = "<group>";
		};
		556AAEFD227DFCB20066CBCD /* Extensions */ = {
			isa = PBXGroup;
			children = (
				556AAEF2227CFD7F0066CBCD /* Date+extension.swift */,
				5508AAEB2282B6FF0097320E /* UIView+extension.swift */,
			);
			path = Extensions;
			sourceTree = "<group>";
		};
		556AAEFE227DFCBA0066CBCD /* Protocols */ = {
			isa = PBXGroup;
			children = (
				556AAEFF227DFCD50066CBCD /* InstantiatableFromNib.swift */,
			);
			path = Protocols;
			sourceTree = "<group>";
		};
		55B9AB372278EB0900C38266 = {
			isa = PBXGroup;
			children = (
				55B9AB422278EB0900C38266 /* practical-skill-test-ios */,
				55B9AB572278EB0A00C38266 /* practical-skill-test-iosTests */,
				55B9AB622278EB0A00C38266 /* practical-skill-test-iosUITests */,
				55B9AB412278EB0900C38266 /* Products */,
				EDBD27D9165A26160D1612A6 /* Pods */,
				813C545AA081A26B476987E0 /* Frameworks */,
			);
			sourceTree = "<group>";
		};
		55B9AB412278EB0900C38266 /* Products */ = {
			isa = PBXGroup;
			children = (
				55B9AB402278EB0900C38266 /* practical-skill-test-ios.app */,
				55B9AB542278EB0A00C38266 /* practical-skill-test-iosTests.xctest */,
				55B9AB5F2278EB0A00C38266 /* practical-skill-test-iosUITests.xctest */,
			);
			name = Products;
			sourceTree = "<group>";
		};
		55B9AB422278EB0900C38266 /* practical-skill-test-ios */ = {
			isa = PBXGroup;
			children = (
				556AAEF1227CFD690066CBCD /* Utilities */,
				556AAEE0227A7B470066CBCD /* Views */,
				556AAEDF227A7B090066CBCD /* Models */,
				556AAEDE227A7AFC0066CBCD /* Controllers */,
				55B9AB712278EC6100C38266 /* Services */,
				55B9AB432278EB0900C38266 /* AppDelegate.swift */,
				556AAEE7227AA4700066CBCD /* GoogleService-Info.plist */,
				55B9AB4A2278EB0A00C38266 /* Assets.xcassets */,
				55B9AB4F2278EB0A00C38266 /* Info.plist */,
			);
			path = "practical-skill-test-ios";
			sourceTree = "<group>";
		};
		55B9AB572278EB0A00C38266 /* practical-skill-test-iosTests */ = {
			isa = PBXGroup;
			children = (
				550CC1D22279D83E00D9C93B /* APIClientTest.swift */,
				556AAEEB227C0C6B0066CBCD /* JSONDecodeTest.swift */,
				55B9AB5A2278EB0A00C38266 /* Info.plist */,
				556AAEF4227D01520066CBCD /* ExtensionTest.swift */,
				55B9AB582278EB0A00C38266 /* practical_skill_test_iosTests.swift */,
			);
			path = "practical-skill-test-iosTests";
			sourceTree = "<group>";
		};
		55B9AB622278EB0A00C38266 /* practical-skill-test-iosUITests */ = {
			isa = PBXGroup;
			children = (
				55B9AB632278EB0A00C38266 /* practical_skill_test_iosUITests.swift */,
				55B9AB652278EB0A00C38266 /* Info.plist */,
			);
			path = "practical-skill-test-iosUITests";
			sourceTree = "<group>";
		};
		55B9AB712278EC6100C38266 /* Services */ = {
			isa = PBXGroup;
			children = (
				55B9AB772279C69700C38266 /* APIClient */,
				55B9AB722278EC7200C38266 /* Authentication */,
			);
			path = Services;
			sourceTree = "<group>";
		};
		55B9AB722278EC7200C38266 /* Authentication */ = {
			isa = PBXGroup;
			children = (
				55B9AB732278ECA400C38266 /* AuthClient.swift */,
				55B9AB752278ECC200C38266 /* AuthDelegate.swift */,
			);
			path = Authentication;
			sourceTree = "<group>";
		};
		55B9AB772279C69700C38266 /* APIClient */ = {
			isa = PBXGroup;
			children = (
				556AAEDD227A75060066CBCD /* FirebaseRealtimeDatabase */,
				55B9AB782279C6B300C38266 /* APIClient.swift */,
			);
			path = APIClient;
			sourceTree = "<group>";
		};
		813C545AA081A26B476987E0 /* Frameworks */ = {
			isa = PBXGroup;
			children = (
				55B9AB8C2279D10C00C38266 /* GTMSessionFetcher.framework */,
				55B9AB802279CFF000C38266 /* FirebaseAuth.framework */,
				55B9AB822279CFF000C38266 /* FirebaseCore.framework */,
				55B9AB842279CFF000C38266 /* FirebaseInstanceID.framework */,
				55B9AB862279CFF000C38266 /* GoogleUtilities.framework */,
				55B9AB882279CFF000C38266 /* GTMSessionFetcher.framework */,
				55B9AB8A2279CFF000C38266 /* nanopb.framework */,
				080B4789BE4DD4ABF8D36147 /* Pods_practical_skill_test_ios.framework */,
				6CA1ED5CC8BEB1A65CF63ACE /* Pods_practical_skill_test_iosTests.framework */,
				8DDC1D23B83A01C6DA284F26 /* Pods_practical_skill_test_iosUITests.framework */,
			);
			name = Frameworks;
			sourceTree = "<group>";
		};
		EDBD27D9165A26160D1612A6 /* Pods */ = {
			isa = PBXGroup;
			children = (
				967DD5A67B5469CC706A2D08 /* Pods-practical-skill-test-ios.debug.xcconfig */,
				F344832EDF43EE8FE86499BE /* Pods-practical-skill-test-ios.release.xcconfig */,
				70DB2C69CA7901B25F106992 /* Pods-practical-skill-test-iosTests.debug.xcconfig */,
				F96304FEE2F7A5089E0B8146 /* Pods-practical-skill-test-iosTests.release.xcconfig */,
				F1BC5CE3C17E4AB658F417B9 /* Pods-practical-skill-test-iosUITests.debug.xcconfig */,
				64317DD3D9409D13C24FF3BC /* Pods-practical-skill-test-iosUITests.release.xcconfig */,
			);
			path = Pods;
			sourceTree = "<group>";
		};
/* End PBXGroup section */

/* Begin PBXNativeTarget section */
		55B9AB3F2278EB0900C38266 /* practical-skill-test-ios */ = {
			isa = PBXNativeTarget;
			buildConfigurationList = 55B9AB682278EB0A00C38266 /* Build configuration list for PBXNativeTarget "practical-skill-test-ios" */;
			buildPhases = (
				1DCB91985614239F1CD2585D /* [CP] Check Pods Manifest.lock */,
				55B9AB3C2278EB0900C38266 /* Sources */,
				55B9AB3D2278EB0900C38266 /* Frameworks */,
				55B9AB3E2278EB0900C38266 /* Resources */,
				6203A0F3BE4C22483481FBE9 /* [CP] Embed Pods Frameworks */,
				556AAF01227E04BE0066CBCD /* ShellScript */,
			);
			buildRules = (
			);
			dependencies = (
			);
			name = "practical-skill-test-ios";
			productName = "practical-skill-test-ios";
			productReference = 55B9AB402278EB0900C38266 /* practical-skill-test-ios.app */;
			productType = "com.apple.product-type.application";
		};
		55B9AB532278EB0A00C38266 /* practical-skill-test-iosTests */ = {
			isa = PBXNativeTarget;
			buildConfigurationList = 55B9AB6B2278EB0A00C38266 /* Build configuration list for PBXNativeTarget "practical-skill-test-iosTests" */;
			buildPhases = (
				57C5E3E98A300BFFC8430BBA /* [CP] Check Pods Manifest.lock */,
				55B9AB502278EB0A00C38266 /* Sources */,
				55B9AB512278EB0A00C38266 /* Frameworks */,
				55B9AB522278EB0A00C38266 /* Resources */,
			);
			buildRules = (
			);
			dependencies = (
				55B9AB562278EB0A00C38266 /* PBXTargetDependency */,
			);
			name = "practical-skill-test-iosTests";
			productName = "practical-skill-test-iosTests";
			productReference = 55B9AB542278EB0A00C38266 /* practical-skill-test-iosTests.xctest */;
			productType = "com.apple.product-type.bundle.unit-test";
		};
		55B9AB5E2278EB0A00C38266 /* practical-skill-test-iosUITests */ = {
			isa = PBXNativeTarget;
			buildConfigurationList = 55B9AB6E2278EB0A00C38266 /* Build configuration list for PBXNativeTarget "practical-skill-test-iosUITests" */;
			buildPhases = (
				29F3E277517346BA6DA604FF /* [CP] Check Pods Manifest.lock */,
				55B9AB5B2278EB0A00C38266 /* Sources */,
				55B9AB5C2278EB0A00C38266 /* Frameworks */,
				55B9AB5D2278EB0A00C38266 /* Resources */,
				42961F7B4CC5C6FED8521F9A /* [CP] Embed Pods Frameworks */,
			);
			buildRules = (
			);
			dependencies = (
				55B9AB612278EB0A00C38266 /* PBXTargetDependency */,
			);
			name = "practical-skill-test-iosUITests";
			productName = "practical-skill-test-iosUITests";
			productReference = 55B9AB5F2278EB0A00C38266 /* practical-skill-test-iosUITests.xctest */;
			productType = "com.apple.product-type.bundle.ui-testing";
		};
/* End PBXNativeTarget section */

/* Begin PBXProject section */
		55B9AB382278EB0900C38266 /* Project object */ = {
			isa = PBXProject;
			attributes = {
				LastSwiftUpdateCheck = 1020;
				LastUpgradeCheck = 1020;
				ORGANIZATIONNAME = "田辺信之";
				TargetAttributes = {
					55B9AB3F2278EB0900C38266 = {
						CreatedOnToolsVersion = 10.2.1;
					};
					55B9AB532278EB0A00C38266 = {
						CreatedOnToolsVersion = 10.2.1;
						TestTargetID = 55B9AB3F2278EB0900C38266;
					};
					55B9AB5E2278EB0A00C38266 = {
						CreatedOnToolsVersion = 10.2.1;
						TestTargetID = 55B9AB3F2278EB0900C38266;
					};
				};
			};
			buildConfigurationList = 55B9AB3B2278EB0900C38266 /* Build configuration list for PBXProject "practical-skill-test-ios" */;
			compatibilityVersion = "Xcode 9.3";
			developmentRegion = en;
			hasScannedForEncodings = 0;
			knownRegions = (
				en,
				Base,
			);
			mainGroup = 55B9AB372278EB0900C38266;
			productRefGroup = 55B9AB412278EB0900C38266 /* Products */;
			projectDirPath = "";
			projectRoot = "";
			targets = (
				55B9AB3F2278EB0900C38266 /* practical-skill-test-ios */,
				55B9AB532278EB0A00C38266 /* practical-skill-test-iosTests */,
				55B9AB5E2278EB0A00C38266 /* practical-skill-test-iosUITests */,
			);
		};
/* End PBXProject section */

/* Begin PBXResourcesBuildPhase section */
		55B9AB3E2278EB0900C38266 /* Resources */ = {
			isa = PBXResourcesBuildPhase;
			buildActionMask = 2147483647;
			files = (
				55B9AB4E2278EB0A00C38266 /* LaunchScreen.storyboard in Resources */,
				556AAEFC227DF79F0066CBCD /* TaskCell.xib in Resources */,
				556AAEE8227AA4700066CBCD /* GoogleService-Info.plist in Resources */,
				55C1E5F8227FE388000A61EE /* FormCell.xib in Resources */,
				55B9AB4B2278EB0A00C38266 /* Assets.xcassets in Resources */,
				55B9AB492278EB0900C38266 /* Main.storyboard in Resources */,
			);
			runOnlyForDeploymentPostprocessing = 0;
		};
		55B9AB522278EB0A00C38266 /* Resources */ = {
			isa = PBXResourcesBuildPhase;
			buildActionMask = 2147483647;
			files = (
				556AAEE9227AA4700066CBCD /* GoogleService-Info.plist in Resources */,
			);
			runOnlyForDeploymentPostprocessing = 0;
		};
		55B9AB5D2278EB0A00C38266 /* Resources */ = {
			isa = PBXResourcesBuildPhase;
			buildActionMask = 2147483647;
			files = (
				556AAEEA227AA4700066CBCD /* GoogleService-Info.plist in Resources */,
			);
			runOnlyForDeploymentPostprocessing = 0;
		};
/* End PBXResourcesBuildPhase section */

/* Begin PBXShellScriptBuildPhase section */
		1DCB91985614239F1CD2585D /* [CP] Check Pods Manifest.lock */ = {
			isa = PBXShellScriptBuildPhase;
			buildActionMask = 2147483647;
			files = (
			);
			inputFileListPaths = (
			);
			inputPaths = (
				"${PODS_PODFILE_DIR_PATH}/Podfile.lock",
				"${PODS_ROOT}/Manifest.lock",
			);
			name = "[CP] Check Pods Manifest.lock";
			outputFileListPaths = (
			);
			outputPaths = (
				"$(DERIVED_FILE_DIR)/Pods-practical-skill-test-ios-checkManifestLockResult.txt",
			);
			runOnlyForDeploymentPostprocessing = 0;
			shellPath = /bin/sh;
			shellScript = "diff \"${PODS_PODFILE_DIR_PATH}/Podfile.lock\" \"${PODS_ROOT}/Manifest.lock\" > /dev/null\nif [ $? != 0 ] ; then\n    # print error to STDERR\n    echo \"error: The sandbox is not in sync with the Podfile.lock. Run 'pod install' or update your CocoaPods installation.\" >&2\n    exit 1\nfi\n# This output is used by Xcode 'outputs' to avoid re-running this script phase.\necho \"SUCCESS\" > \"${SCRIPT_OUTPUT_FILE_0}\"\n";
			showEnvVarsInLog = 0;
		};
		29F3E277517346BA6DA604FF /* [CP] Check Pods Manifest.lock */ = {
			isa = PBXShellScriptBuildPhase;
			buildActionMask = 2147483647;
			files = (
			);
			inputFileListPaths = (
			);
			inputPaths = (
				"${PODS_PODFILE_DIR_PATH}/Podfile.lock",
				"${PODS_ROOT}/Manifest.lock",
			);
			name = "[CP] Check Pods Manifest.lock";
			outputFileListPaths = (
			);
			outputPaths = (
				"$(DERIVED_FILE_DIR)/Pods-practical-skill-test-iosUITests-checkManifestLockResult.txt",
			);
			runOnlyForDeploymentPostprocessing = 0;
			shellPath = /bin/sh;
			shellScript = "diff \"${PODS_PODFILE_DIR_PATH}/Podfile.lock\" \"${PODS_ROOT}/Manifest.lock\" > /dev/null\nif [ $? != 0 ] ; then\n    # print error to STDERR\n    echo \"error: The sandbox is not in sync with the Podfile.lock. Run 'pod install' or update your CocoaPods installation.\" >&2\n    exit 1\nfi\n# This output is used by Xcode 'outputs' to avoid re-running this script phase.\necho \"SUCCESS\" > \"${SCRIPT_OUTPUT_FILE_0}\"\n";
			showEnvVarsInLog = 0;
		};
		42961F7B4CC5C6FED8521F9A /* [CP] Embed Pods Frameworks */ = {
			isa = PBXShellScriptBuildPhase;
			buildActionMask = 2147483647;
			files = (
			);
			inputFileListPaths = (
			);
			inputPaths = (
				"${PODS_ROOT}/Target Support Files/Pods-practical-skill-test-iosUITests/Pods-practical-skill-test-iosUITests-frameworks.sh",
				"${BUILT_PRODUCTS_DIR}/GTMSessionFetcher/GTMSessionFetcher.framework",
				"${BUILT_PRODUCTS_DIR}/GoogleUtilities/GoogleUtilities.framework",
				"${BUILT_PRODUCTS_DIR}/nanopb/nanopb.framework",
			);
			name = "[CP] Embed Pods Frameworks";
			outputFileListPaths = (
			);
			outputPaths = (
				"${TARGET_BUILD_DIR}/${FRAMEWORKS_FOLDER_PATH}/GTMSessionFetcher.framework",
				"${TARGET_BUILD_DIR}/${FRAMEWORKS_FOLDER_PATH}/GoogleUtilities.framework",
				"${TARGET_BUILD_DIR}/${FRAMEWORKS_FOLDER_PATH}/nanopb.framework",
			);
			runOnlyForDeploymentPostprocessing = 0;
			shellPath = /bin/sh;
			shellScript = "\"${PODS_ROOT}/Target Support Files/Pods-practical-skill-test-iosUITests/Pods-practical-skill-test-iosUITests-frameworks.sh\"\n";
			showEnvVarsInLog = 0;
		};
		556AAF01227E04BE0066CBCD /* ShellScript */ = {
			isa = PBXShellScriptBuildPhase;
			buildActionMask = 2147483647;
			files = (
			);
			inputFileListPaths = (
			);
			inputPaths = (
			);
			outputFileListPaths = (
			);
			outputPaths = (
			);
			runOnlyForDeploymentPostprocessing = 0;
			shellPath = /bin/sh;
			shellScript = "# Type a script or drag a script file from your workspace to insert its path.\nif which swiftlint >/dev/null; then\nswiftlint autocorrect --format\nswiftlint\nelse\necho \"warning: SwiftLint not installed, download from https://github.com/realm/SwiftLint\"\nfi\n";
		};
		57C5E3E98A300BFFC8430BBA /* [CP] Check Pods Manifest.lock */ = {
			isa = PBXShellScriptBuildPhase;
			buildActionMask = 2147483647;
			files = (
			);
			inputFileListPaths = (
			);
			inputPaths = (
				"${PODS_PODFILE_DIR_PATH}/Podfile.lock",
				"${PODS_ROOT}/Manifest.lock",
			);
			name = "[CP] Check Pods Manifest.lock";
			outputFileListPaths = (
			);
			outputPaths = (
				"$(DERIVED_FILE_DIR)/Pods-practical-skill-test-iosTests-checkManifestLockResult.txt",
			);
			runOnlyForDeploymentPostprocessing = 0;
			shellPath = /bin/sh;
			shellScript = "diff \"${PODS_PODFILE_DIR_PATH}/Podfile.lock\" \"${PODS_ROOT}/Manifest.lock\" > /dev/null\nif [ $? != 0 ] ; then\n    # print error to STDERR\n    echo \"error: The sandbox is not in sync with the Podfile.lock. Run 'pod install' or update your CocoaPods installation.\" >&2\n    exit 1\nfi\n# This output is used by Xcode 'outputs' to avoid re-running this script phase.\necho \"SUCCESS\" > \"${SCRIPT_OUTPUT_FILE_0}\"\n";
			showEnvVarsInLog = 0;
		};
		6203A0F3BE4C22483481FBE9 /* [CP] Embed Pods Frameworks */ = {
			isa = PBXShellScriptBuildPhase;
			buildActionMask = 2147483647;
			files = (
			);
			inputFileListPaths = (
			);
			inputPaths = (
				"${PODS_ROOT}/Target Support Files/Pods-practical-skill-test-ios/Pods-practical-skill-test-ios-frameworks.sh",
				"${BUILT_PRODUCTS_DIR}/GTMSessionFetcher/GTMSessionFetcher.framework",
				"${BUILT_PRODUCTS_DIR}/GoogleUtilities/GoogleUtilities.framework",
				"${BUILT_PRODUCTS_DIR}/nanopb/nanopb.framework",
			);
			name = "[CP] Embed Pods Frameworks";
			outputFileListPaths = (
			);
			outputPaths = (
				"${TARGET_BUILD_DIR}/${FRAMEWORKS_FOLDER_PATH}/GTMSessionFetcher.framework",
				"${TARGET_BUILD_DIR}/${FRAMEWORKS_FOLDER_PATH}/GoogleUtilities.framework",
				"${TARGET_BUILD_DIR}/${FRAMEWORKS_FOLDER_PATH}/nanopb.framework",
			);
			runOnlyForDeploymentPostprocessing = 0;
			shellPath = /bin/sh;
			shellScript = "\"${PODS_ROOT}/Target Support Files/Pods-practical-skill-test-ios/Pods-practical-skill-test-ios-frameworks.sh\"\n";
			showEnvVarsInLog = 0;
		};
/* End PBXShellScriptBuildPhase section */

/* Begin PBXSourcesBuildPhase section */
		55B9AB3C2278EB0900C38266 /* Sources */ = {
			isa = PBXSourcesBuildPhase;
			buildActionMask = 2147483647;
			files = (
				55B9AB792279C6B300C38266 /* APIClient.swift in Sources */,
				55C1E5EE227F923E000A61EE /* ResponseList.swift in Sources */,
				556AAEF3227CFD7F0066CBCD /* Date+extension.swift in Sources */,
				556AAEF7227DCC1F0066CBCD /* HomeModel.swift in Sources */,
				5508AAEE2282B8E30097320E /* TaskDetailViewController.swift in Sources */,
				55B9AB462278EB0900C38266 /* RegisterViewController.swift in Sources */,
				556AAEF0227C154D0066CBCD /* TaskId.swift in Sources */,
				55B9AB742278ECA400C38266 /* AuthClient.swift in Sources */,
				55B9AB762278ECC200C38266 /* AuthDelegate.swift in Sources */,
				5508AAF22282CE1B0097320E /* DetailModel.swift in Sources */,
				5573B66D2280873D0082523D /* UpdatedTask.swift in Sources */,
				556AAEFB227DF79F0066CBCD /* TaskCell.swift in Sources */,
				556AAEEE227C0D300066CBCD /* TaskInList.swift in Sources */,
				55B9AB442278EB0900C38266 /* AppDelegate.swift in Sources */,
				5508AAF02282C8170097320E /* TaskManagible.swift in Sources */,
				5508AAEC2282B6FF0097320E /* UIView+extension.swift in Sources */,
				55C1E5F0227F92CA000A61EE /* FirebaseDBClient.swift in Sources */,
				556AAF00227DFCD50066CBCD /* InstantiatableFromNib.swift in Sources */,
				55C1E5F7227FE388000A61EE /* FormCell.swift in Sources */,
				5573B66F228241F70082523D /* DeleteTask.swift in Sources */,
				556AAEE2227A7E700066CBCD /* HomeViewController.swift in Sources */,
			);
			runOnlyForDeploymentPostprocessing = 0;
		};
		55B9AB502278EB0A00C38266 /* Sources */ = {
			isa = PBXSourcesBuildPhase;
			buildActionMask = 2147483647;
			files = (
				556AAEEC227C0C6B0066CBCD /* JSONDecodeTest.swift in Sources */,
				55B9AB592278EB0A00C38266 /* practical_skill_test_iosTests.swift in Sources */,
				550CC1D32279D83E00D9C93B /* APIClientTest.swift in Sources */,
				556AAEF5227D01520066CBCD /* ExtensionTest.swift in Sources */,
			);
			runOnlyForDeploymentPostprocessing = 0;
		};
		55B9AB5B2278EB0A00C38266 /* Sources */ = {
			isa = PBXSourcesBuildPhase;
			buildActionMask = 2147483647;
			files = (
				55B9AB642278EB0A00C38266 /* practical_skill_test_iosUITests.swift in Sources */,
			);
			runOnlyForDeploymentPostprocessing = 0;
		};
/* End PBXSourcesBuildPhase section */

/* Begin PBXTargetDependency section */
		55B9AB562278EB0A00C38266 /* PBXTargetDependency */ = {
			isa = PBXTargetDependency;
			target = 55B9AB3F2278EB0900C38266 /* practical-skill-test-ios */;
			targetProxy = 55B9AB552278EB0A00C38266 /* PBXContainerItemProxy */;
		};
		55B9AB612278EB0A00C38266 /* PBXTargetDependency */ = {
			isa = PBXTargetDependency;
			target = 55B9AB3F2278EB0900C38266 /* practical-skill-test-ios */;
			targetProxy = 55B9AB602278EB0A00C38266 /* PBXContainerItemProxy */;
		};
/* End PBXTargetDependency section */

/* Begin PBXVariantGroup section */
		55B9AB472278EB0900C38266 /* Main.storyboard */ = {
			isa = PBXVariantGroup;
			children = (
				55B9AB482278EB0900C38266 /* Base */,
			);
			name = Main.storyboard;
			sourceTree = "<group>";
		};
		55B9AB4C2278EB0A00C38266 /* LaunchScreen.storyboard */ = {
			isa = PBXVariantGroup;
			children = (
				55B9AB4D2278EB0A00C38266 /* Base */,
			);
			name = LaunchScreen.storyboard;
			sourceTree = "<group>";
		};
/* End PBXVariantGroup section */

/* Begin XCBuildConfiguration section */
		55B9AB662278EB0A00C38266 /* Debug */ = {
			isa = XCBuildConfiguration;
			buildSettings = {
				ALWAYS_SEARCH_USER_PATHS = NO;
				CLANG_ANALYZER_NONNULL = YES;
				CLANG_ANALYZER_NUMBER_OBJECT_CONVERSION = YES_AGGRESSIVE;
				CLANG_CXX_LANGUAGE_STANDARD = "gnu++14";
				CLANG_CXX_LIBRARY = "libc++";
				CLANG_ENABLE_MODULES = YES;
				CLANG_ENABLE_OBJC_ARC = YES;
				CLANG_ENABLE_OBJC_WEAK = YES;
				CLANG_WARN_BLOCK_CAPTURE_AUTORELEASING = YES;
				CLANG_WARN_BOOL_CONVERSION = YES;
				CLANG_WARN_COMMA = YES;
				CLANG_WARN_CONSTANT_CONVERSION = YES;
				CLANG_WARN_DEPRECATED_OBJC_IMPLEMENTATIONS = YES;
				CLANG_WARN_DIRECT_OBJC_ISA_USAGE = YES_ERROR;
				CLANG_WARN_DOCUMENTATION_COMMENTS = YES;
				CLANG_WARN_EMPTY_BODY = YES;
				CLANG_WARN_ENUM_CONVERSION = YES;
				CLANG_WARN_INFINITE_RECURSION = YES;
				CLANG_WARN_INT_CONVERSION = YES;
				CLANG_WARN_NON_LITERAL_NULL_CONVERSION = YES;
				CLANG_WARN_OBJC_IMPLICIT_RETAIN_SELF = YES;
				CLANG_WARN_OBJC_LITERAL_CONVERSION = YES;
				CLANG_WARN_OBJC_ROOT_CLASS = YES_ERROR;
				CLANG_WARN_RANGE_LOOP_ANALYSIS = YES;
				CLANG_WARN_STRICT_PROTOTYPES = YES;
				CLANG_WARN_SUSPICIOUS_MOVE = YES;
				CLANG_WARN_UNGUARDED_AVAILABILITY = YES_AGGRESSIVE;
				CLANG_WARN_UNREACHABLE_CODE = YES;
				CLANG_WARN__DUPLICATE_METHOD_MATCH = YES;
				CODE_SIGN_IDENTITY = "iPhone Developer";
				COPY_PHASE_STRIP = NO;
				DEBUG_INFORMATION_FORMAT = dwarf;
				ENABLE_STRICT_OBJC_MSGSEND = YES;
				ENABLE_TESTABILITY = YES;
				GCC_C_LANGUAGE_STANDARD = gnu11;
				GCC_DYNAMIC_NO_PIC = NO;
				GCC_NO_COMMON_BLOCKS = YES;
				GCC_OPTIMIZATION_LEVEL = 0;
				GCC_PREPROCESSOR_DEFINITIONS = (
					"DEBUG=1",
					"$(inherited)",
				);
				GCC_WARN_64_TO_32_BIT_CONVERSION = YES;
				GCC_WARN_ABOUT_RETURN_TYPE = YES_ERROR;
				GCC_WARN_UNDECLARED_SELECTOR = YES;
				GCC_WARN_UNINITIALIZED_AUTOS = YES_AGGRESSIVE;
				GCC_WARN_UNUSED_FUNCTION = YES;
				GCC_WARN_UNUSED_VARIABLE = YES;
				IPHONEOS_DEPLOYMENT_TARGET = 12.2;
				MTL_ENABLE_DEBUG_INFO = INCLUDE_SOURCE;
				MTL_FAST_MATH = YES;
				ONLY_ACTIVE_ARCH = YES;
				SDKROOT = iphoneos;
				SWIFT_ACTIVE_COMPILATION_CONDITIONS = DEBUG;
				SWIFT_OPTIMIZATION_LEVEL = "-Onone";
			};
			name = Debug;
		};
		55B9AB672278EB0A00C38266 /* Release */ = {
			isa = XCBuildConfiguration;
			buildSettings = {
				ALWAYS_SEARCH_USER_PATHS = NO;
				CLANG_ANALYZER_NONNULL = YES;
				CLANG_ANALYZER_NUMBER_OBJECT_CONVERSION = YES_AGGRESSIVE;
				CLANG_CXX_LANGUAGE_STANDARD = "gnu++14";
				CLANG_CXX_LIBRARY = "libc++";
				CLANG_ENABLE_MODULES = YES;
				CLANG_ENABLE_OBJC_ARC = YES;
				CLANG_ENABLE_OBJC_WEAK = YES;
				CLANG_WARN_BLOCK_CAPTURE_AUTORELEASING = YES;
				CLANG_WARN_BOOL_CONVERSION = YES;
				CLANG_WARN_COMMA = YES;
				CLANG_WARN_CONSTANT_CONVERSION = YES;
				CLANG_WARN_DEPRECATED_OBJC_IMPLEMENTATIONS = YES;
				CLANG_WARN_DIRECT_OBJC_ISA_USAGE = YES_ERROR;
				CLANG_WARN_DOCUMENTATION_COMMENTS = YES;
				CLANG_WARN_EMPTY_BODY = YES;
				CLANG_WARN_ENUM_CONVERSION = YES;
				CLANG_WARN_INFINITE_RECURSION = YES;
				CLANG_WARN_INT_CONVERSION = YES;
				CLANG_WARN_NON_LITERAL_NULL_CONVERSION = YES;
				CLANG_WARN_OBJC_IMPLICIT_RETAIN_SELF = YES;
				CLANG_WARN_OBJC_LITERAL_CONVERSION = YES;
				CLANG_WARN_OBJC_ROOT_CLASS = YES_ERROR;
				CLANG_WARN_RANGE_LOOP_ANALYSIS = YES;
				CLANG_WARN_STRICT_PROTOTYPES = YES;
				CLANG_WARN_SUSPICIOUS_MOVE = YES;
				CLANG_WARN_UNGUARDED_AVAILABILITY = YES_AGGRESSIVE;
				CLANG_WARN_UNREACHABLE_CODE = YES;
				CLANG_WARN__DUPLICATE_METHOD_MATCH = YES;
				CODE_SIGN_IDENTITY = "iPhone Developer";
				COPY_PHASE_STRIP = NO;
				DEBUG_INFORMATION_FORMAT = "dwarf-with-dsym";
				ENABLE_NS_ASSERTIONS = NO;
				ENABLE_STRICT_OBJC_MSGSEND = YES;
				GCC_C_LANGUAGE_STANDARD = gnu11;
				GCC_NO_COMMON_BLOCKS = YES;
				GCC_WARN_64_TO_32_BIT_CONVERSION = YES;
				GCC_WARN_ABOUT_RETURN_TYPE = YES_ERROR;
				GCC_WARN_UNDECLARED_SELECTOR = YES;
				GCC_WARN_UNINITIALIZED_AUTOS = YES_AGGRESSIVE;
				GCC_WARN_UNUSED_FUNCTION = YES;
				GCC_WARN_UNUSED_VARIABLE = YES;
				IPHONEOS_DEPLOYMENT_TARGET = 12.2;
				MTL_ENABLE_DEBUG_INFO = NO;
				MTL_FAST_MATH = YES;
				SDKROOT = iphoneos;
				SWIFT_COMPILATION_MODE = wholemodule;
				SWIFT_OPTIMIZATION_LEVEL = "-O";
				VALIDATE_PRODUCT = YES;
			};
			name = Release;
		};
		55B9AB692278EB0A00C38266 /* Debug */ = {
			isa = XCBuildConfiguration;
			baseConfigurationReference = 967DD5A67B5469CC706A2D08 /* Pods-practical-skill-test-ios.debug.xcconfig */;
			buildSettings = {
				ASSETCATALOG_COMPILER_APPICON_NAME = AppIcon;
				CODE_SIGN_STYLE = Automatic;
				DEVELOPMENT_TEAM = YN75UE492H;
				INFOPLIST_FILE = "practical-skill-test-ios/Info.plist";
				LD_RUNPATH_SEARCH_PATHS = (
					"$(inherited)",
					"@executable_path/Frameworks",
				);
				PRODUCT_BUNDLE_IDENTIFIER = "tanabe.practical-skill-test-ios";
				PRODUCT_NAME = "$(TARGET_NAME)";
				SWIFT_VERSION = 5.0;
				TARGETED_DEVICE_FAMILY = "1,2";
			};
			name = Debug;
		};
		55B9AB6A2278EB0A00C38266 /* Release */ = {
			isa = XCBuildConfiguration;
			baseConfigurationReference = F344832EDF43EE8FE86499BE /* Pods-practical-skill-test-ios.release.xcconfig */;
			buildSettings = {
				ASSETCATALOG_COMPILER_APPICON_NAME = AppIcon;
				CODE_SIGN_STYLE = Automatic;
				DEVELOPMENT_TEAM = YN75UE492H;
				INFOPLIST_FILE = "practical-skill-test-ios/Info.plist";
				LD_RUNPATH_SEARCH_PATHS = (
					"$(inherited)",
					"@executable_path/Frameworks",
				);
				PRODUCT_BUNDLE_IDENTIFIER = "tanabe.practical-skill-test-ios";
				PRODUCT_NAME = "$(TARGET_NAME)";
				SWIFT_VERSION = 5.0;
				TARGETED_DEVICE_FAMILY = "1,2";
			};
			name = Release;
		};
		55B9AB6C2278EB0A00C38266 /* Debug */ = {
			isa = XCBuildConfiguration;
			baseConfigurationReference = 70DB2C69CA7901B25F106992 /* Pods-practical-skill-test-iosTests.debug.xcconfig */;
			buildSettings = {
				ALWAYS_EMBED_SWIFT_STANDARD_LIBRARIES = YES;
				BUNDLE_LOADER = "$(TEST_HOST)";
				CODE_SIGN_STYLE = Automatic;
				DEVELOPMENT_TEAM = YN75UE492H;
				INFOPLIST_FILE = "practical-skill-test-iosTests/Info.plist";
				LD_RUNPATH_SEARCH_PATHS = (
					"$(inherited)",
					"@executable_path/Frameworks",
					"@loader_path/Frameworks",
				);
				PRODUCT_BUNDLE_IDENTIFIER = "tanabe.practical-skill-test-iosTests";
				PRODUCT_NAME = "$(TARGET_NAME)";
				SWIFT_VERSION = 5.0;
				TARGETED_DEVICE_FAMILY = "1,2";
				TEST_HOST = "$(BUILT_PRODUCTS_DIR)/practical-skill-test-ios.app/practical-skill-test-ios";
			};
			name = Debug;
		};
		55B9AB6D2278EB0A00C38266 /* Release */ = {
			isa = XCBuildConfiguration;
			baseConfigurationReference = F96304FEE2F7A5089E0B8146 /* Pods-practical-skill-test-iosTests.release.xcconfig */;
			buildSettings = {
				ALWAYS_EMBED_SWIFT_STANDARD_LIBRARIES = YES;
				BUNDLE_LOADER = "$(TEST_HOST)";
				CODE_SIGN_STYLE = Automatic;
				DEVELOPMENT_TEAM = YN75UE492H;
				INFOPLIST_FILE = "practical-skill-test-iosTests/Info.plist";
				LD_RUNPATH_SEARCH_PATHS = (
					"$(inherited)",
					"@executable_path/Frameworks",
					"@loader_path/Frameworks",
				);
				PRODUCT_BUNDLE_IDENTIFIER = "tanabe.practical-skill-test-iosTests";
				PRODUCT_NAME = "$(TARGET_NAME)";
				SWIFT_VERSION = 5.0;
				TARGETED_DEVICE_FAMILY = "1,2";
				TEST_HOST = "$(BUILT_PRODUCTS_DIR)/practical-skill-test-ios.app/practical-skill-test-ios";
			};
			name = Release;
		};
		55B9AB6F2278EB0A00C38266 /* Debug */ = {
			isa = XCBuildConfiguration;
			baseConfigurationReference = F1BC5CE3C17E4AB658F417B9 /* Pods-practical-skill-test-iosUITests.debug.xcconfig */;
			buildSettings = {
				ALWAYS_EMBED_SWIFT_STANDARD_LIBRARIES = YES;
				CODE_SIGN_STYLE = Automatic;
				DEVELOPMENT_TEAM = YN75UE492H;
				INFOPLIST_FILE = "practical-skill-test-iosUITests/Info.plist";
				LD_RUNPATH_SEARCH_PATHS = (
					"$(inherited)",
					"@executable_path/Frameworks",
					"@loader_path/Frameworks",
				);
				PRODUCT_BUNDLE_IDENTIFIER = "tanabe.practical-skill-test-iosUITests";
				PRODUCT_NAME = "$(TARGET_NAME)";
				SWIFT_VERSION = 5.0;
				TARGETED_DEVICE_FAMILY = "1,2";
				TEST_TARGET_NAME = "practical-skill-test-ios";
			};
			name = Debug;
		};
		55B9AB702278EB0A00C38266 /* Release */ = {
			isa = XCBuildConfiguration;
			baseConfigurationReference = 64317DD3D9409D13C24FF3BC /* Pods-practical-skill-test-iosUITests.release.xcconfig */;
			buildSettings = {
				ALWAYS_EMBED_SWIFT_STANDARD_LIBRARIES = YES;
				CODE_SIGN_STYLE = Automatic;
				DEVELOPMENT_TEAM = YN75UE492H;
				INFOPLIST_FILE = "practical-skill-test-iosUITests/Info.plist";
				LD_RUNPATH_SEARCH_PATHS = (
					"$(inherited)",
					"@executable_path/Frameworks",
					"@loader_path/Frameworks",
				);
				PRODUCT_BUNDLE_IDENTIFIER = "tanabe.practical-skill-test-iosUITests";
				PRODUCT_NAME = "$(TARGET_NAME)";
				SWIFT_VERSION = 5.0;
				TARGETED_DEVICE_FAMILY = "1,2";
				TEST_TARGET_NAME = "practical-skill-test-ios";
			};
			name = Release;
		};
/* End XCBuildConfiguration section */

/* Begin XCConfigurationList section */
		55B9AB3B2278EB0900C38266 /* Build configuration list for PBXProject "practical-skill-test-ios" */ = {
			isa = XCConfigurationList;
			buildConfigurations = (
				55B9AB662278EB0A00C38266 /* Debug */,
				55B9AB672278EB0A00C38266 /* Release */,
			);
			defaultConfigurationIsVisible = 0;
			defaultConfigurationName = Release;
		};
		55B9AB682278EB0A00C38266 /* Build configuration list for PBXNativeTarget "practical-skill-test-ios" */ = {
			isa = XCConfigurationList;
			buildConfigurations = (
				55B9AB692278EB0A00C38266 /* Debug */,
				55B9AB6A2278EB0A00C38266 /* Release */,
			);
			defaultConfigurationIsVisible = 0;
			defaultConfigurationName = Release;
		};
		55B9AB6B2278EB0A00C38266 /* Build configuration list for PBXNativeTarget "practical-skill-test-iosTests" */ = {
			isa = XCConfigurationList;
			buildConfigurations = (
				55B9AB6C2278EB0A00C38266 /* Debug */,
				55B9AB6D2278EB0A00C38266 /* Release */,
			);
			defaultConfigurationIsVisible = 0;
			defaultConfigurationName = Release;
		};
		55B9AB6E2278EB0A00C38266 /* Build configuration list for PBXNativeTarget "practical-skill-test-iosUITests" */ = {
			isa = XCConfigurationList;
			buildConfigurations = (
				55B9AB6F2278EB0A00C38266 /* Debug */,
				55B9AB702278EB0A00C38266 /* Release */,
			);
			defaultConfigurationIsVisible = 0;
			defaultConfigurationName = Release;
		};
/* End XCConfigurationList section */
	};
	rootObject = 55B9AB382278EB0900C38266 /* Project object */;
}
